
Microsoft Visual Studio Solution File, Format Version 12.00
# Visual Studio Version 16
VisualStudioVersion = 16.0.31829.152
MinimumVisualStudioVersion = 10.0.40219.1
Project("{FAE04EC0-301F-11D3-BF4B-00C04F79EFBC}") = "TruthOrDrink.Android", "TruthOrDrink\TruthOrDrink.Android\TruthOrDrink.Android.csproj", "{BA4BF5D8-C94D-45EE-AC86-A2DE6A496237}"
EndProject
Project("{FAE04EC0-301F-11D3-BF4B-00C04F79EFBC}") = "TruthOrDrink.iOS", "TruthOrDrink\TruthOrDrink.iOS\TruthOrDrink.iOS.csproj", "{32C4377D-5005-4BCC-8984-CAA22AEAAF68}"
EndProject
Project("{FAE04EC0-301F-11D3-BF4B-00C04F79EFBC}") = "TruthOrDrink", "TruthOrDrink\TruthOrDrink\TruthOrDrink.csproj", "{28776316-AB26-4E0E-A013-EF40A5942749}"
EndProject
Global
	GlobalSection(SolutionConfigurationPlatforms) = preSolution
		Debug|Any CPU = Debug|Any CPU
		Debug|iPhone = Debug|iPhone
		Debug|iPhoneSimulator = Debug|iPhoneSimulator
		Release|Any CPU = Release|Any CPU
		Release|iPhone = Release|iPhone
		Release|iPhoneSimulator = Release|iPhoneSimulator
	EndGlobalSection
	GlobalSection(ProjectConfigurationPlatforms) = postSolution
		{BA4BF5D8-C94D-45EE-AC86-A2DE6A496237}.Debug|Any CPU.ActiveCfg = Debug|Any CPU
		{BA4BF5D8-C94D-45EE-AC86-A2DE6A496237}.Debug|Any CPU.Build.0 = Debug|Any CPU
		{BA4BF5D8-C94D-45EE-AC86-A2DE6A496237}.Debug|Any CPU.Deploy.0 = Debug|Any CPU
		{BA4BF5D8-C94D-45EE-AC86-A2DE6A496237}.Debug|iPhone.ActiveCfg = Debug|Any CPU
		{BA4BF5D8-C94D-45EE-AC86-A2DE6A496237}.Debug|iPhone.Build.0 = Debug|Any CPU
		{BA4BF5D8-C94D-45EE-AC86-A2DE6A496237}.Debug|iPhone.Deploy.0 = Debug|Any CPU
		{BA4BF5D8-C94D-45EE-AC86-A2DE6A496237}.Debug|iPhoneSimulator.ActiveCfg = Debug|Any CPU
		{BA4BF5D8-C94D-45EE-AC86-A2DE6A496237}.Debug|iPhoneSimulator.Build.0 = Debug|Any CPU
		{BA4BF5D8-C94D-45EE-AC86-A2DE6A496237}.Debug|iPhoneSimulator.Deploy.0 = Debug|Any CPU
		{BA4BF5D8-C94D-45EE-AC86-A2DE6A496237}.Release|Any CPU.ActiveCfg = Release|Any CPU
		{BA4BF5D8-C94D-45EE-AC86-A2DE6A496237}.Release|Any CPU.Build.0 = Release|Any CPU
		{BA4BF5D8-C94D-45EE-AC86-A2DE6A496237}.Release|Any CPU.Deploy.0 = Release|Any CPU
		{BA4BF5D8-C94D-45EE-AC86-A2DE6A496237}.Release|iPhone.ActiveCfg = Release|Any CPU
		{BA4BF5D8-C94D-45EE-AC86-A2DE6A496237}.Release|iPhone.Build.0 = Release|Any CPU
		{BA4BF5D8-C94D-45EE-AC86-A2DE6A496237}.Release|iPhone.Deploy.0 = Release|Any CPU
		{BA4BF5D8-C94D-45EE-AC86-A2DE6A496237}.Release|iPhoneSimulator.ActiveCfg = Release|Any CPU
		{BA4BF5D8-C94D-45EE-AC86-A2DE6A496237}.Release|iPhoneSimulator.Build.0 = Release|Any CPU
		{BA4BF5D8-C94D-45EE-AC86-A2DE6A496237}.Release|iPhoneSimulator.Deploy.0 = Release|Any CPU
		{32C4377D-5005-4BCC-8984-CAA22AEAAF68}.Debug|Any CPU.ActiveCfg = Debug|iPhone
		{32C4377D-5005-4BCC-8984-CAA22AEAAF68}.Debug|Any CPU.Build.0 = Debug|iPhone
		{32C4377D-5005-4BCC-8984-CAA22AEAAF68}.Debug|Any CPU.Deploy.0 = Debug|iPhone
		{32C4377D-5005-4BCC-8984-CAA22AEAAF68}.Debug|iPhone.ActiveCfg = Debug|iPhone
		{32C4377D-5005-4BCC-8984-CAA22AEAAF68}.Debug|iPhone.Build.0 = Debug|iPhone
		{32C4377D-5005-4BCC-8984-CAA22AEAAF68}.Debug|iPhone.Deploy.0 = Debug|iPhone
		{32C4377D-5005-4BCC-8984-CAA22AEAAF68}.Debug|iPhoneSimulator.ActiveCfg = Debug|iPhoneSimulator
		{32C4377D-5005-4BCC-8984-CAA22AEAAF68}.Debug|iPhoneSimulator.Build.0 = Debug|iPhoneSimulator
		{32C4377D-5005-4BCC-8984-CAA22AEAAF68}.Debug|iPhoneSimulator.Deploy.0 = Debug|iPhoneSimulator
		{32C4377D-5005-4BCC-8984-CAA22AEAAF68}.Release|Any CPU.ActiveCfg = Release|iPhoneSimulator
		{32C4377D-5005-4BCC-8984-CAA22AEAAF68}.Release|Any CPU.Build.0 = Release|iPhoneSimulator
		{32C4377D-5005-4BCC-8984-CAA22AEAAF68}.Release|Any CPU.Deploy.0 = Release|iPhoneSimulator
		{32C4377D-5005-4BCC-8984-CAA22AEAAF68}.Release|iPhone.ActiveCfg = Release|iPhone
		{32C4377D-5005-4BCC-8984-CAA22AEAAF68}.Release|iPhone.Build.0 = Release|iPhone
		{32C4377D-5005-4BCC-8984-CAA22AEAAF68}.Release|iPhone.Deploy.0 = Release|iPhone
		{32C4377D-5005-4BCC-8984-CAA22AEAAF68}.Release|iPhoneSimulator.ActiveCfg = Release|iPhoneSimulator
		{32C4377D-5005-4BCC-8984-CAA22AEAAF68}.Release|iPhoneSimulator.Build.0 = Release|iPhoneSimulator
		{32C4377D-5005-4BCC-8984-CAA22AEAAF68}.Release|iPhoneSimulator.Deploy.0 = Release|iPhoneSimulator
		{28776316-AB26-4E0E-A013-EF40A5942749}.Debug|Any CPU.ActiveCfg = Debug|Any CPU
		{28776316-AB26-4E0E-A013-EF40A5942749}.Debug|Any CPU.Build.0 = Debug|Any CPU
		{28776316-AB26-4E0E-A013-EF40A5942749}.Debug|Any CPU.Deploy.0 = Debug|Any CPU
		{28776316-AB26-4E0E-A013-EF40A5942749}.Debug|iPhone.ActiveCfg = Debug|Any CPU
		{28776316-AB26-4E0E-A013-EF40A5942749}.Debug|iPhone.Build.0 = Debug|Any CPU
		{28776316-AB26-4E0E-A013-EF40A5942749}.Debug|iPhone.Deploy.0 = Debug|Any CPU
		{28776316-AB26-4E0E-A013-EF40A5942749}.Debug|iPhoneSimulator.ActiveCfg = Debug|Any CPU
		{28776316-AB26-4E0E-A013-EF40A5942749}.Debug|iPhoneSimulator.Build.0 = Debug|Any CPU
		{28776316-AB26-4E0E-A013-EF40A5942749}.Debug|iPhoneSimulator.Deploy.0 = Debug|Any CPU
		{28776316-AB26-4E0E-A013-EF40A5942749}.Release|Any CPU.ActiveCfg = Release|Any CPU
		{28776316-AB26-4E0E-A013-EF40A5942749}.Release|Any CPU.Build.0 = Release|Any CPU
		{28776316-AB26-4E0E-A013-EF40A5942749}.Release|Any CPU.Deploy.0 = Release|Any CPU
		{28776316-AB26-4E0E-A013-EF40A5942749}.Release|iPhone.ActiveCfg = Release|Any CPU
		{28776316-AB26-4E0E-A013-EF40A5942749}.Release|iPhone.Build.0 = Release|Any CPU
		{28776316-AB26-4E0E-A013-EF40A5942749}.Release|iPhone.Deploy.0 = Release|Any CPU
		{28776316-AB26-4E0E-A013-EF40A5942749}.Release|iPhoneSimulator.ActiveCfg = Release|Any CPU
		{28776316-AB26-4E0E-A013-EF40A5942749}.Release|iPhoneSimulator.Build.0 = Release|Any CPU
		{28776316-AB26-4E0E-A013-EF40A5942749}.Release|iPhoneSimulator.Deploy.0 = Release|Any CPU
	EndGlobalSection
	GlobalSection(SolutionProperties) = preSolution
		HideSolutionNode = FALSE
	EndGlobalSection
	GlobalSection(ExtensibilityGlobals) = postSolution
		SolutionGuid = {C55405E1-7A46-4F83-9A85-BE429BC34B78}
	EndGlobalSection
EndGlobal
